// !$*UTF8*$!
{
	archiveVersion = 1;
	classes = {
	};
	objectVersion = 56;
	objects = {

/* Begin PBXBuildFile section */
		860C5D992A3DB8DD00A04A32 /* SettingsView.swift in Sources */ = {isa = PBXBuildFile; fileRef = 860C5D982A3DB8DD00A04A32 /* SettingsView.swift */; };
		860C5DA72A3DC73000A04A32 /* Shared.framework in Frameworks */ = {isa = PBXBuildFile; fileRef = 860C5DA12A3DC73000A04A32 /* Shared.framework */; };
		860C5DA82A3DC73000A04A32 /* Shared.framework in Embed Frameworks */ = {isa = PBXBuildFile; fileRef = 860C5DA12A3DC73000A04A32 /* Shared.framework */; settings = {ATTRIBUTES = (CodeSignOnCopy, RemoveHeadersOnCopy, ); }; };
		860C5DAE2A3DC74700A04A32 /* Const.swift in Sources */ = {isa = PBXBuildFile; fileRef = 860C5DAD2A3DC74700A04A32 /* Const.swift */; };
		86109B612A51ABCC00E2EDA3 /* Binding.swift in Sources */ = {isa = PBXBuildFile; fileRef = 86109B602A51ABCC00E2EDA3 /* Binding.swift */; };
		86299E172A877AF9002DEFF5 /* SwiftyBeaver in Frameworks */ = {isa = PBXBuildFile; productRef = 86299E162A877AF9002DEFF5 /* SwiftyBeaver */; };
		86299E192A87A251002DEFF5 /* SectionGroup.swift in Sources */ = {isa = PBXBuildFile; fileRef = 86299E182A87A251002DEFF5 /* SectionGroup.swift */; };
		86299E1C2A891283002DEFF5 /* UnderConstructionView.swift in Sources */ = {isa = PBXBuildFile; fileRef = 86299E1B2A891283002DEFF5 /* UnderConstructionView.swift */; };
		86299E212A891EE9002DEFF5 /* CameraExtensionInstaller.swift in Sources */ = {isa = PBXBuildFile; fileRef = 86299E202A891EE9002DEFF5 /* CameraExtensionInstaller.swift */; };
		86299E232A89261F002DEFF5 /* View.swift in Sources */ = {isa = PBXBuildFile; fileRef = 86299E222A89261F002DEFF5 /* View.swift */; };
		865827E42A5C63E700627E52 /* CameraView.swift in Sources */ = {isa = PBXBuildFile; fileRef = 865827E32A5C63E700627E52 /* CameraView.swift */; };
		8668DDDD2A51D8BE007E1311 /* BlurView.swift in Sources */ = {isa = PBXBuildFile; fileRef = 8668DDDC2A51D8BE007E1311 /* BlurView.swift */; };
		8669A3AA2A6312BC00AC50A8 /* ImageProcessor.swift in Sources */ = {isa = PBXBuildFile; fileRef = 8669A3A92A6312BC00AC50A8 /* ImageProcessor.swift */; };
		867411752A3A120E006DFCA8 /* iVirtualCamApp.swift in Sources */ = {isa = PBXBuildFile; fileRef = 867411742A3A120E006DFCA8 /* iVirtualCamApp.swift */; };
		867411772A3A120E006DFCA8 /* MainView.swift in Sources */ = {isa = PBXBuildFile; fileRef = 867411762A3A120E006DFCA8 /* MainView.swift */; };
		867411792A3A120F006DFCA8 /* Assets.xcassets in Resources */ = {isa = PBXBuildFile; fileRef = 867411782A3A120F006DFCA8 /* Assets.xcassets */; };
		8674117C2A3A120F006DFCA8 /* Preview Assets.xcassets in Resources */ = {isa = PBXBuildFile; fileRef = 8674117B2A3A120F006DFCA8 /* Preview Assets.xcassets */; };
		867411872A3A120F006DFCA8 /* iVirtualCamTests.swift in Sources */ = {isa = PBXBuildFile; fileRef = 867411862A3A120F006DFCA8 /* iVirtualCamTests.swift */; };
		867411912A3A120F006DFCA8 /* iVirtualCamUITests.swift in Sources */ = {isa = PBXBuildFile; fileRef = 867411902A3A120F006DFCA8 /* iVirtualCamUITests.swift */; };
		867411932A3A120F006DFCA8 /* iVirtualCamUITestsLaunchTests.swift in Sources */ = {isa = PBXBuildFile; fileRef = 867411922A3A120F006DFCA8 /* iVirtualCamUITestsLaunchTests.swift */; };
		867411A62A3A1241006DFCA8 /* CameraExtensionProvider.swift in Sources */ = {isa = PBXBuildFile; fileRef = 867411A52A3A1241006DFCA8 /* CameraExtensionProvider.swift */; };
		867411A82A3A1241006DFCA8 /* main.swift in Sources */ = {isa = PBXBuildFile; fileRef = 867411A72A3A1241006DFCA8 /* main.swift */; };
		867411AD2A3A1241006DFCA8 /* com.infernno.iVirtualCam.CameraExtension.systemextension in Embed System Extensions */ = {isa = PBXBuildFile; fileRef = 867411A32A3A1241006DFCA8 /* com.infernno.iVirtualCam.CameraExtension.systemextension */; settings = {ATTRIBUTES = (RemoveHeadersOnCopy, ); }; };
		867411BD2A3A17AF006DFCA8 /* AVDeviceView.swift in Sources */ = {isa = PBXBuildFile; fileRef = 867411BC2A3A17AF006DFCA8 /* AVDeviceView.swift */; };
		86747DC02A757F470034F436 /* CameraRepository.swift in Sources */ = {isa = PBXBuildFile; fileRef = 86747DBF2A757F470034F436 /* CameraRepository.swift */; };
		86752A792A6E38D200113F55 /* UserDefaults.swift in Sources */ = {isa = PBXBuildFile; fileRef = 86752A782A6E38D200113F55 /* UserDefaults.swift */; };
		86752A7B2A6E3B7900113F55 /* Defaults in Frameworks */ = {isa = PBXBuildFile; productRef = 86752A7A2A6E3B7900113F55 /* Defaults */; };
		86752A7D2A6E3B7E00113F55 /* Defaults in Frameworks */ = {isa = PBXBuildFile; productRef = 86752A7C2A6E3B7E00113F55 /* Defaults */; };
		86752A7F2A6E3C3B00113F55 /* Camera.swift in Sources */ = {isa = PBXBuildFile; fileRef = 86752A7E2A6E3C3B00113F55 /* Camera.swift */; };
		867717A12A6689610068DB9F /* SelectImageView.swift in Sources */ = {isa = PBXBuildFile; fileRef = 867717A02A6689610068DB9F /* SelectImageView.swift */; };
		867717A32A669DDA0068DB9F /* Shared.framework in Frameworks */ = {isa = PBXBuildFile; fileRef = 860C5DA12A3DC73000A04A32 /* Shared.framework */; };
		867717A42A669DDA0068DB9F /* Shared.framework in Embed Frameworks */ = {isa = PBXBuildFile; fileRef = 860C5DA12A3DC73000A04A32 /* Shared.framework */; settings = {ATTRIBUTES = (CodeSignOnCopy, RemoveHeadersOnCopy, ); }; };
		86D77D522A76A46600A60FCC /* NotificationCenter.swift in Sources */ = {isa = PBXBuildFile; fileRef = 86D77D512A76A46600A60FCC /* NotificationCenter.swift */; };
		86F2A9482A62C1C6007F1406 /* CameraExtensionStreamSource.swift in Sources */ = {isa = PBXBuildFile; fileRef = 86F2A9472A62C1C6007F1406 /* CameraExtensionStreamSource.swift */; };
		86F2A94A2A62C1FB007F1406 /* CameraExtensionProviderSource.swift in Sources */ = {isa = PBXBuildFile; fileRef = 86F2A9492A62C1FB007F1406 /* CameraExtensionProviderSource.swift */; };
		86F9D7232A6D9997002E6648 /* Defaults in Frameworks */ = {isa = PBXBuildFile; productRef = 86F9D7222A6D9997002E6648 /* Defaults */; };
/* End PBXBuildFile section */

/* Begin PBXContainerItemProxy section */
		860C5DA52A3DC73000A04A32 /* PBXContainerItemProxy */ = {
			isa = PBXContainerItemProxy;
			containerPortal = 867411692A3A120E006DFCA8 /* Project object */;
			proxyType = 1;
			remoteGlobalIDString = 860C5DA02A3DC73000A04A32;
			remoteInfo = Shared;
		};
		867411832A3A120F006DFCA8 /* PBXContainerItemProxy */ = {
			isa = PBXContainerItemProxy;
			containerPortal = 867411692A3A120E006DFCA8 /* Project object */;
			proxyType = 1;
			remoteGlobalIDString = 867411702A3A120E006DFCA8;
			remoteInfo = iVirtualCam;
		};
		8674118D2A3A120F006DFCA8 /* PBXContainerItemProxy */ = {
			isa = PBXContainerItemProxy;
			containerPortal = 867411692A3A120E006DFCA8 /* Project object */;
			proxyType = 1;
			remoteGlobalIDString = 867411702A3A120E006DFCA8;
			remoteInfo = iVirtualCam;
		};
		867411AB2A3A1241006DFCA8 /* PBXContainerItemProxy */ = {
			isa = PBXContainerItemProxy;
			containerPortal = 867411692A3A120E006DFCA8 /* Project object */;
			proxyType = 1;
			remoteGlobalIDString = 867411A22A3A1241006DFCA8;
			remoteInfo = CameraExtension;
		};
		867717A52A669DDA0068DB9F /* PBXContainerItemProxy */ = {
			isa = PBXContainerItemProxy;
			containerPortal = 867411692A3A120E006DFCA8 /* Project object */;
			proxyType = 1;
			remoteGlobalIDString = 860C5DA02A3DC73000A04A32;
			remoteInfo = Shared;
		};
/* End PBXContainerItemProxy section */

/* Begin PBXCopyFilesBuildPhase section */
		860C5DAC2A3DC73000A04A32 /* Embed Frameworks */ = {
			isa = PBXCopyFilesBuildPhase;
			buildActionMask = 2147483647;
			dstPath = "";
			dstSubfolderSpec = 10;
			files = (
				860C5DA82A3DC73000A04A32 /* Shared.framework in Embed Frameworks */,
			);
			name = "Embed Frameworks";
			runOnlyForDeploymentPostprocessing = 0;
		};
		867411B12A3A1241006DFCA8 /* Embed System Extensions */ = {
			isa = PBXCopyFilesBuildPhase;
			buildActionMask = 2147483647;
			dstPath = "$(SYSTEM_EXTENSIONS_FOLDER_PATH)";
			dstSubfolderSpec = 16;
			files = (
				867411AD2A3A1241006DFCA8 /* com.infernno.iVirtualCam.CameraExtension.systemextension in Embed System Extensions */,
			);
			name = "Embed System Extensions";
			runOnlyForDeploymentPostprocessing = 0;
		};
		867717A72A669DDA0068DB9F /* Embed Frameworks */ = {
			isa = PBXCopyFilesBuildPhase;
			buildActionMask = 2147483647;
			dstPath = "";
			dstSubfolderSpec = 10;
			files = (
				867717A42A669DDA0068DB9F /* Shared.framework in Embed Frameworks */,
			);
			name = "Embed Frameworks";
			runOnlyForDeploymentPostprocessing = 0;
		};
/* End PBXCopyFilesBuildPhase section */

/* Begin PBXFileReference section */
		860C5D982A3DB8DD00A04A32 /* SettingsView.swift */ = {isa = PBXFileReference; lastKnownFileType = sourcecode.swift; path = SettingsView.swift; sourceTree = "<group>"; };
		860C5DA12A3DC73000A04A32 /* Shared.framework */ = {isa = PBXFileReference; explicitFileType = wrapper.framework; includeInIndex = 0; path = Shared.framework; sourceTree = BUILT_PRODUCTS_DIR; };
		860C5DAD2A3DC74700A04A32 /* Const.swift */ = {isa = PBXFileReference; lastKnownFileType = sourcecode.swift; path = Const.swift; sourceTree = "<group>"; };
		86109B602A51ABCC00E2EDA3 /* Binding.swift */ = {isa = PBXFileReference; lastKnownFileType = sourcecode.swift; path = Binding.swift; sourceTree = "<group>"; };
		861FBEEE2A3DB36700170EE3 /* Info.plist */ = {isa = PBXFileReference; lastKnownFileType = text.plist; path = Info.plist; sourceTree = "<group>"; };
		86299E182A87A251002DEFF5 /* SectionGroup.swift */ = {isa = PBXFileReference; lastKnownFileType = sourcecode.swift; path = SectionGroup.swift; sourceTree = "<group>"; };
		86299E1B2A891283002DEFF5 /* UnderConstructionView.swift */ = {isa = PBXFileReference; lastKnownFileType = sourcecode.swift; path = UnderConstructionView.swift; sourceTree = "<group>"; };
		86299E202A891EE9002DEFF5 /* CameraExtensionInstaller.swift */ = {isa = PBXFileReference; lastKnownFileType = sourcecode.swift; path = CameraExtensionInstaller.swift; sourceTree = "<group>"; };
		86299E222A89261F002DEFF5 /* View.swift */ = {isa = PBXFileReference; lastKnownFileType = sourcecode.swift; path = View.swift; sourceTree = "<group>"; };
		865827E32A5C63E700627E52 /* CameraView.swift */ = {isa = PBXFileReference; lastKnownFileType = sourcecode.swift; path = CameraView.swift; sourceTree = "<group>"; };
		8668DDDC2A51D8BE007E1311 /* BlurView.swift */ = {isa = PBXFileReference; lastKnownFileType = sourcecode.swift; path = BlurView.swift; sourceTree = "<group>"; };
		8669A3A92A6312BC00AC50A8 /* ImageProcessor.swift */ = {isa = PBXFileReference; lastKnownFileType = sourcecode.swift; path = ImageProcessor.swift; sourceTree = "<group>"; };
		867411712A3A120E006DFCA8 /* iVirtualCam.app */ = {isa = PBXFileReference; explicitFileType = wrapper.application; includeInIndex = 0; path = iVirtualCam.app; sourceTree = BUILT_PRODUCTS_DIR; };
		867411742A3A120E006DFCA8 /* iVirtualCamApp.swift */ = {isa = PBXFileReference; lastKnownFileType = sourcecode.swift; path = iVirtualCamApp.swift; sourceTree = "<group>"; };
		867411762A3A120E006DFCA8 /* MainView.swift */ = {isa = PBXFileReference; lastKnownFileType = sourcecode.swift; path = MainView.swift; sourceTree = "<group>"; };
		867411782A3A120F006DFCA8 /* Assets.xcassets */ = {isa = PBXFileReference; lastKnownFileType = folder.assetcatalog; path = Assets.xcassets; sourceTree = "<group>"; };
		8674117B2A3A120F006DFCA8 /* Preview Assets.xcassets */ = {isa = PBXFileReference; lastKnownFileType = folder.assetcatalog; path = "Preview Assets.xcassets"; sourceTree = "<group>"; };
		8674117D2A3A120F006DFCA8 /* iVirtualCam.entitlements */ = {isa = PBXFileReference; lastKnownFileType = text.plist.entitlements; path = iVirtualCam.entitlements; sourceTree = "<group>"; };
		867411822A3A120F006DFCA8 /* iVirtualCamTests.xctest */ = {isa = PBXFileReference; explicitFileType = wrapper.cfbundle; includeInIndex = 0; path = iVirtualCamTests.xctest; sourceTree = BUILT_PRODUCTS_DIR; };
		867411862A3A120F006DFCA8 /* iVirtualCamTests.swift */ = {isa = PBXFileReference; lastKnownFileType = sourcecode.swift; path = iVirtualCamTests.swift; sourceTree = "<group>"; };
		8674118C2A3A120F006DFCA8 /* iVirtualCamUITests.xctest */ = {isa = PBXFileReference; explicitFileType = wrapper.cfbundle; includeInIndex = 0; path = iVirtualCamUITests.xctest; sourceTree = BUILT_PRODUCTS_DIR; };
		867411902A3A120F006DFCA8 /* iVirtualCamUITests.swift */ = {isa = PBXFileReference; lastKnownFileType = sourcecode.swift; path = iVirtualCamUITests.swift; sourceTree = "<group>"; };
		867411922A3A120F006DFCA8 /* iVirtualCamUITestsLaunchTests.swift */ = {isa = PBXFileReference; lastKnownFileType = sourcecode.swift; path = iVirtualCamUITestsLaunchTests.swift; sourceTree = "<group>"; };
		867411A32A3A1241006DFCA8 /* com.infernno.iVirtualCam.CameraExtension.systemextension */ = {isa = PBXFileReference; explicitFileType = "wrapper.system-extension"; includeInIndex = 0; path = com.infernno.iVirtualCam.CameraExtension.systemextension; sourceTree = BUILT_PRODUCTS_DIR; };
		867411A52A3A1241006DFCA8 /* CameraExtensionProvider.swift */ = {isa = PBXFileReference; lastKnownFileType = sourcecode.swift; path = CameraExtensionProvider.swift; sourceTree = "<group>"; };
		867411A72A3A1241006DFCA8 /* main.swift */ = {isa = PBXFileReference; lastKnownFileType = sourcecode.swift; path = main.swift; sourceTree = "<group>"; };
		867411A92A3A1241006DFCA8 /* Info.plist */ = {isa = PBXFileReference; lastKnownFileType = text.plist.xml; path = Info.plist; sourceTree = "<group>"; };
		867411AA2A3A1241006DFCA8 /* CameraExtension.entitlements */ = {isa = PBXFileReference; lastKnownFileType = text.plist.entitlements; path = CameraExtension.entitlements; sourceTree = "<group>"; };
		867411BC2A3A17AF006DFCA8 /* AVDeviceView.swift */ = {isa = PBXFileReference; lastKnownFileType = sourcecode.swift; path = AVDeviceView.swift; sourceTree = "<group>"; };
		86747DBF2A757F470034F436 /* CameraRepository.swift */ = {isa = PBXFileReference; lastKnownFileType = sourcecode.swift; path = CameraRepository.swift; sourceTree = "<group>"; };
		86752A782A6E38D200113F55 /* UserDefaults.swift */ = {isa = PBXFileReference; lastKnownFileType = sourcecode.swift; path = UserDefaults.swift; sourceTree = "<group>"; };
		86752A7E2A6E3C3B00113F55 /* Camera.swift */ = {isa = PBXFileReference; lastKnownFileType = sourcecode.swift; path = Camera.swift; sourceTree = "<group>"; };
		867717A02A6689610068DB9F /* SelectImageView.swift */ = {isa = PBXFileReference; lastKnownFileType = sourcecode.swift; path = SelectImageView.swift; sourceTree = "<group>"; };
		86D77D512A76A46600A60FCC /* NotificationCenter.swift */ = {isa = PBXFileReference; lastKnownFileType = sourcecode.swift; path = NotificationCenter.swift; sourceTree = "<group>"; };
		86F2A9472A62C1C6007F1406 /* CameraExtensionStreamSource.swift */ = {isa = PBXFileReference; lastKnownFileType = sourcecode.swift; path = CameraExtensionStreamSource.swift; sourceTree = "<group>"; };
		86F2A9492A62C1FB007F1406 /* CameraExtensionProviderSource.swift */ = {isa = PBXFileReference; lastKnownFileType = sourcecode.swift; path = CameraExtensionProviderSource.swift; sourceTree = "<group>"; };
/* End PBXFileReference section */

/* Begin PBXFrameworksBuildPhase section */
		860C5D9E2A3DC73000A04A32 /* Frameworks */ = {
			isa = PBXFrameworksBuildPhase;
			buildActionMask = 2147483647;
			files = (
				86752A7B2A6E3B7900113F55 /* Defaults in Frameworks */,
			);
			runOnlyForDeploymentPostprocessing = 0;
		};
		8674116E2A3A120E006DFCA8 /* Frameworks */ = {
			isa = PBXFrameworksBuildPhase;
			buildActionMask = 2147483647;
			files = (
				86F9D7232A6D9997002E6648 /* Defaults in Frameworks */,
				860C5DA72A3DC73000A04A32 /* Shared.framework in Frameworks */,
				86299E172A877AF9002DEFF5 /* SwiftyBeaver in Frameworks */,
			);
			runOnlyForDeploymentPostprocessing = 0;
		};
		8674117F2A3A120F006DFCA8 /* Frameworks */ = {
			isa = PBXFrameworksBuildPhase;
			buildActionMask = 2147483647;
			files = (
			);
			runOnlyForDeploymentPostprocessing = 0;
		};
		867411892A3A120F006DFCA8 /* Frameworks */ = {
			isa = PBXFrameworksBuildPhase;
			buildActionMask = 2147483647;
			files = (
			);
			runOnlyForDeploymentPostprocessing = 0;
		};
		867411A02A3A1241006DFCA8 /* Frameworks */ = {
			isa = PBXFrameworksBuildPhase;
			buildActionMask = 2147483647;
			files = (
				86752A7D2A6E3B7E00113F55 /* Defaults in Frameworks */,
				867717A32A669DDA0068DB9F /* Shared.framework in Frameworks */,
			);
			runOnlyForDeploymentPostprocessing = 0;
		};
/* End PBXFrameworksBuildPhase section */

/* Begin PBXGroup section */
		860C5D972A3DB8CF00A04A32 /* Settings */ = {
			isa = PBXGroup;
			children = (
				860C5D982A3DB8DD00A04A32 /* SettingsView.swift */,
				86299E202A891EE9002DEFF5 /* CameraExtensionInstaller.swift */,
			);
			path = Settings;
			sourceTree = "<group>";
		};
		860C5DA22A3DC73000A04A32 /* Shared */ = {
			isa = PBXGroup;
			children = (
				86299E142A8777A1002DEFF5 /* Models */,
				86D77D502A76A44F00A60FCC /* Extensions */,
				860C5DAD2A3DC74700A04A32 /* Const.swift */,
				86752A782A6E38D200113F55 /* UserDefaults.swift */,
			);
			path = Shared;
			sourceTree = "<group>";
		};
		86299E142A8777A1002DEFF5 /* Models */ = {
			isa = PBXGroup;
			children = (
				86752A7E2A6E3C3B00113F55 /* Camera.swift */,
			);
			path = Models;
			sourceTree = "<group>";
		};
		86299E1A2A89120E002DEFF5 /* UnderConstruction */ = {
			isa = PBXGroup;
			children = (
				86299E1B2A891283002DEFF5 /* UnderConstructionView.swift */,
			);
			path = UnderConstruction;
			sourceTree = "<group>";
		};
		865827E22A5C63DE00627E52 /* Camera */ = {
			isa = PBXGroup;
			children = (
				865827E32A5C63E700627E52 /* CameraView.swift */,
				86747DBF2A757F470034F436 /* CameraRepository.swift */,
			);
			path = Camera;
			sourceTree = "<group>";
		};
		867411682A3A120E006DFCA8 = {
			isa = PBXGroup;
			children = (
				867411732A3A120E006DFCA8 /* iVirtualCam */,
				867411852A3A120F006DFCA8 /* iVirtualCamTests */,
				8674118F2A3A120F006DFCA8 /* iVirtualCamUITests */,
				867411A42A3A1241006DFCA8 /* CameraExtension */,
				860C5DA22A3DC73000A04A32 /* Shared */,
				867411722A3A120E006DFCA8 /* Products */,
				867717A22A669DDA0068DB9F /* Frameworks */,
			);
			sourceTree = "<group>";
		};
		867411722A3A120E006DFCA8 /* Products */ = {
			isa = PBXGroup;
			children = (
				867411712A3A120E006DFCA8 /* iVirtualCam.app */,
				867411822A3A120F006DFCA8 /* iVirtualCamTests.xctest */,
				8674118C2A3A120F006DFCA8 /* iVirtualCamUITests.xctest */,
				867411A32A3A1241006DFCA8 /* com.infernno.iVirtualCam.CameraExtension.systemextension */,
				860C5DA12A3DC73000A04A32 /* Shared.framework */,
			);
			name = Products;
			sourceTree = "<group>";
		};
		867411732A3A120E006DFCA8 /* iVirtualCam */ = {
			isa = PBXGroup;
			children = (
				8674117A2A3A120F006DFCA8 /* Preview Content */,
				867411B22A3A158C006DFCA8 /* Features */,
				867411762A3A120E006DFCA8 /* MainView.swift */,
				867411742A3A120E006DFCA8 /* iVirtualCamApp.swift */,
				8674117D2A3A120F006DFCA8 /* iVirtualCam.entitlements */,
				861FBEEE2A3DB36700170EE3 /* Info.plist */,
				867411782A3A120F006DFCA8 /* Assets.xcassets */,
				867717A02A6689610068DB9F /* SelectImageView.swift */,
			);
			path = iVirtualCam;
			sourceTree = "<group>";
		};
		8674117A2A3A120F006DFCA8 /* Preview Content */ = {
			isa = PBXGroup;
			children = (
				8674117B2A3A120F006DFCA8 /* Preview Assets.xcassets */,
			);
			path = "Preview Content";
			sourceTree = "<group>";
		};
		867411852A3A120F006DFCA8 /* iVirtualCamTests */ = {
			isa = PBXGroup;
			children = (
				867411862A3A120F006DFCA8 /* iVirtualCamTests.swift */,
			);
			path = iVirtualCamTests;
			sourceTree = "<group>";
		};
		8674118F2A3A120F006DFCA8 /* iVirtualCamUITests */ = {
			isa = PBXGroup;
			children = (
				867411902A3A120F006DFCA8 /* iVirtualCamUITests.swift */,
				867411922A3A120F006DFCA8 /* iVirtualCamUITestsLaunchTests.swift */,
			);
			path = iVirtualCamUITests;
			sourceTree = "<group>";
		};
		867411A42A3A1241006DFCA8 /* CameraExtension */ = {
			isa = PBXGroup;
			children = (
				867411A72A3A1241006DFCA8 /* main.swift */,
				867411A92A3A1241006DFCA8 /* Info.plist */,
				867411AA2A3A1241006DFCA8 /* CameraExtension.entitlements */,
				867411A52A3A1241006DFCA8 /* CameraExtensionProvider.swift */,
				86F2A9472A62C1C6007F1406 /* CameraExtensionStreamSource.swift */,
				86F2A9492A62C1FB007F1406 /* CameraExtensionProviderSource.swift */,
				8669A3A92A6312BC00AC50A8 /* ImageProcessor.swift */,
			);
			path = CameraExtension;
			sourceTree = "<group>";
		};
		867411B22A3A158C006DFCA8 /* Features */ = {
			isa = PBXGroup;
			children = (
				86299E1A2A89120E002DEFF5 /* UnderConstruction */,
				865827E22A5C63DE00627E52 /* Camera */,
				860C5D972A3DB8CF00A04A32 /* Settings */,
				867411B92A3A1782006DFCA8 /* Widgets */,
			);
			path = Features;
			sourceTree = "<group>";
		};
		867411B92A3A1782006DFCA8 /* Widgets */ = {
			isa = PBXGroup;
			children = (
				867411BC2A3A17AF006DFCA8 /* AVDeviceView.swift */,
				8668DDDC2A51D8BE007E1311 /* BlurView.swift */,
				86299E182A87A251002DEFF5 /* SectionGroup.swift */,
			);
			path = Widgets;
			sourceTree = "<group>";
		};
		867717A22A669DDA0068DB9F /* Frameworks */ = {
			isa = PBXGroup;
			children = (
			);
			name = Frameworks;
			sourceTree = "<group>";
		};
		86D77D502A76A44F00A60FCC /* Extensions */ = {
			isa = PBXGroup;
			children = (
				86109B602A51ABCC00E2EDA3 /* Binding.swift */,
				86D77D512A76A46600A60FCC /* NotificationCenter.swift */,
				86299E222A89261F002DEFF5 /* View.swift */,
			);
			path = Extensions;
			sourceTree = "<group>";
		};
/* End PBXGroup section */

/* Begin PBXHeadersBuildPhase section */
		860C5D9C2A3DC73000A04A32 /* Headers */ = {
			isa = PBXHeadersBuildPhase;
			buildActionMask = 2147483647;
			files = (
			);
			runOnlyForDeploymentPostprocessing = 0;
		};
/* End PBXHeadersBuildPhase section */

/* Begin PBXNativeTarget section */
		860C5DA02A3DC73000A04A32 /* Shared */ = {
			isa = PBXNativeTarget;
			buildConfigurationList = 860C5DA92A3DC73000A04A32 /* Build configuration list for PBXNativeTarget "Shared" */;
			buildPhases = (
				860C5D9C2A3DC73000A04A32 /* Headers */,
				860C5D9D2A3DC73000A04A32 /* Sources */,
				860C5D9E2A3DC73000A04A32 /* Frameworks */,
				860C5D9F2A3DC73000A04A32 /* Resources */,
			);
			buildRules = (
			);
			dependencies = (
			);
			name = Shared;
			packageProductDependencies = (
				86752A7A2A6E3B7900113F55 /* Defaults */,
			);
			productName = Shared;
			productReference = 860C5DA12A3DC73000A04A32 /* Shared.framework */;
			productType = "com.apple.product-type.framework";
		};
		867411702A3A120E006DFCA8 /* iVirtualCam */ = {
			isa = PBXNativeTarget;
			buildConfigurationList = 867411962A3A120F006DFCA8 /* Build configuration list for PBXNativeTarget "iVirtualCam" */;
			buildPhases = (
				8674116D2A3A120E006DFCA8 /* Sources */,
				8674116E2A3A120E006DFCA8 /* Frameworks */,
				8674116F2A3A120E006DFCA8 /* Resources */,
				867411B12A3A1241006DFCA8 /* Embed System Extensions */,
				860C5DAC2A3DC73000A04A32 /* Embed Frameworks */,
			);
			buildRules = (
			);
			dependencies = (
				867411AC2A3A1241006DFCA8 /* PBXTargetDependency */,
				860C5DA62A3DC73000A04A32 /* PBXTargetDependency */,
			);
			name = iVirtualCam;
			packageProductDependencies = (
				86F9D7222A6D9997002E6648 /* Defaults */,
				86299E162A877AF9002DEFF5 /* SwiftyBeaver */,
			);
			productName = iVirtualCam;
			productReference = 867411712A3A120E006DFCA8 /* iVirtualCam.app */;
			productType = "com.apple.product-type.application";
		};
		867411812A3A120F006DFCA8 /* iVirtualCamTests */ = {
			isa = PBXNativeTarget;
			buildConfigurationList = 867411992A3A120F006DFCA8 /* Build configuration list for PBXNativeTarget "iVirtualCamTests" */;
			buildPhases = (
				8674117E2A3A120F006DFCA8 /* Sources */,
				8674117F2A3A120F006DFCA8 /* Frameworks */,
				867411802A3A120F006DFCA8 /* Resources */,
			);
			buildRules = (
			);
			dependencies = (
				867411842A3A120F006DFCA8 /* PBXTargetDependency */,
			);
			name = iVirtualCamTests;
			productName = iVirtualCamTests;
			productReference = 867411822A3A120F006DFCA8 /* iVirtualCamTests.xctest */;
			productType = "com.apple.product-type.bundle.unit-test";
		};
		8674118B2A3A120F006DFCA8 /* iVirtualCamUITests */ = {
			isa = PBXNativeTarget;
			buildConfigurationList = 8674119C2A3A120F006DFCA8 /* Build configuration list for PBXNativeTarget "iVirtualCamUITests" */;
			buildPhases = (
				867411882A3A120F006DFCA8 /* Sources */,
				867411892A3A120F006DFCA8 /* Frameworks */,
				8674118A2A3A120F006DFCA8 /* Resources */,
			);
			buildRules = (
			);
			dependencies = (
				8674118E2A3A120F006DFCA8 /* PBXTargetDependency */,
			);
			name = iVirtualCamUITests;
			productName = iVirtualCamUITests;
			productReference = 8674118C2A3A120F006DFCA8 /* iVirtualCamUITests.xctest */;
			productType = "com.apple.product-type.bundle.ui-testing";
		};
		867411A22A3A1241006DFCA8 /* CameraExtension */ = {
			isa = PBXNativeTarget;
			buildConfigurationList = 867411AE2A3A1241006DFCA8 /* Build configuration list for PBXNativeTarget "CameraExtension" */;
			buildPhases = (
				8674119F2A3A1241006DFCA8 /* Sources */,
				867411A02A3A1241006DFCA8 /* Frameworks */,
				867411A12A3A1241006DFCA8 /* Resources */,
				867717A72A669DDA0068DB9F /* Embed Frameworks */,
			);
			buildRules = (
			);
			dependencies = (
				867717A62A669DDA0068DB9F /* PBXTargetDependency */,
			);
			name = CameraExtension;
			packageProductDependencies = (
				86752A7C2A6E3B7E00113F55 /* Defaults */,
			);
			productName = CameraExtension;
			productReference = 867411A32A3A1241006DFCA8 /* com.infernno.iVirtualCam.CameraExtension.systemextension */;
			productType = "com.apple.product-type.system-extension";
		};
/* End PBXNativeTarget section */

/* Begin PBXProject section */
		867411692A3A120E006DFCA8 /* Project object */ = {
			isa = PBXProject;
			attributes = {
				BuildIndependentTargetsInParallel = 1;
				LastSwiftUpdateCheck = 1430;
				LastUpgradeCheck = 1430;
				TargetAttributes = {
					860C5DA02A3DC73000A04A32 = {
						CreatedOnToolsVersion = 14.3.1;
						LastSwiftMigration = 1430;
					};
					867411702A3A120E006DFCA8 = {
						CreatedOnToolsVersion = 14.3.1;
					};
					867411812A3A120F006DFCA8 = {
						CreatedOnToolsVersion = 14.3.1;
						TestTargetID = 867411702A3A120E006DFCA8;
					};
					8674118B2A3A120F006DFCA8 = {
						CreatedOnToolsVersion = 14.3.1;
						TestTargetID = 867411702A3A120E006DFCA8;
					};
					867411A22A3A1241006DFCA8 = {
						CreatedOnToolsVersion = 14.3.1;
					};
				};
			};
			buildConfigurationList = 8674116C2A3A120E006DFCA8 /* Build configuration list for PBXProject "iVirtualCam" */;
			compatibilityVersion = "Xcode 14.0";
			developmentRegion = en;
			hasScannedForEncodings = 0;
			knownRegions = (
				en,
				Base,
			);
			mainGroup = 867411682A3A120E006DFCA8;
			packageReferences = (
				86F9D7212A6D9997002E6648 /* XCRemoteSwiftPackageReference "Defaults" */,
				86299E152A877AF9002DEFF5 /* XCRemoteSwiftPackageReference "SwiftyBeaver" */,
			);
			productRefGroup = 867411722A3A120E006DFCA8 /* Products */;
			projectDirPath = "";
			projectRoot = "";
			targets = (
				867411702A3A120E006DFCA8 /* iVirtualCam */,
				867411812A3A120F006DFCA8 /* iVirtualCamTests */,
				8674118B2A3A120F006DFCA8 /* iVirtualCamUITests */,
				867411A22A3A1241006DFCA8 /* CameraExtension */,
				860C5DA02A3DC73000A04A32 /* Shared */,
			);
		};
/* End PBXProject section */

/* Begin PBXResourcesBuildPhase section */
		860C5D9F2A3DC73000A04A32 /* Resources */ = {
			isa = PBXResourcesBuildPhase;
			buildActionMask = 2147483647;
			files = (
			);
			runOnlyForDeploymentPostprocessing = 0;
		};
		8674116F2A3A120E006DFCA8 /* Resources */ = {
			isa = PBXResourcesBuildPhase;
			buildActionMask = 2147483647;
			files = (
				8674117C2A3A120F006DFCA8 /* Preview Assets.xcassets in Resources */,
				867411792A3A120F006DFCA8 /* Assets.xcassets in Resources */,
			);
			runOnlyForDeploymentPostprocessing = 0;
		};
		867411802A3A120F006DFCA8 /* Resources */ = {
			isa = PBXResourcesBuildPhase;
			buildActionMask = 2147483647;
			files = (
			);
			runOnlyForDeploymentPostprocessing = 0;
		};
		8674118A2A3A120F006DFCA8 /* Resources */ = {
			isa = PBXResourcesBuildPhase;
			buildActionMask = 2147483647;
			files = (
			);
			runOnlyForDeploymentPostprocessing = 0;
		};
		867411A12A3A1241006DFCA8 /* Resources */ = {
			isa = PBXResourcesBuildPhase;
			buildActionMask = 2147483647;
			files = (
			);
			runOnlyForDeploymentPostprocessing = 0;
		};
/* End PBXResourcesBuildPhase section */

/* Begin PBXSourcesBuildPhase section */
		860C5D9D2A3DC73000A04A32 /* Sources */ = {
			isa = PBXSourcesBuildPhase;
			buildActionMask = 2147483647;
			files = (
				86752A7F2A6E3C3B00113F55 /* Camera.swift in Sources */,
				860C5DAE2A3DC74700A04A32 /* Const.swift in Sources */,
				86299E232A89261F002DEFF5 /* View.swift in Sources */,
				86D77D522A76A46600A60FCC /* NotificationCenter.swift in Sources */,
				86109B612A51ABCC00E2EDA3 /* Binding.swift in Sources */,
				86752A792A6E38D200113F55 /* UserDefaults.swift in Sources */,
			);
			runOnlyForDeploymentPostprocessing = 0;
		};
		8674116D2A3A120E006DFCA8 /* Sources */ = {
			isa = PBXSourcesBuildPhase;
			buildActionMask = 2147483647;
			files = (
				86747DC02A757F470034F436 /* CameraRepository.swift in Sources */,
				865827E42A5C63E700627E52 /* CameraView.swift in Sources */,
				867411772A3A120E006DFCA8 /* MainView.swift in Sources */,
				867717A12A6689610068DB9F /* SelectImageView.swift in Sources */,
				86299E192A87A251002DEFF5 /* SectionGroup.swift in Sources */,
				867411BD2A3A17AF006DFCA8 /* AVDeviceView.swift in Sources */,
				8668DDDD2A51D8BE007E1311 /* BlurView.swift in Sources */,
				867411752A3A120E006DFCA8 /* iVirtualCamApp.swift in Sources */,
				86299E1C2A891283002DEFF5 /* UnderConstructionView.swift in Sources */,
				860C5D992A3DB8DD00A04A32 /* SettingsView.swift in Sources */,
				86299E212A891EE9002DEFF5 /* CameraExtensionInstaller.swift in Sources */,
			);
			runOnlyForDeploymentPostprocessing = 0;
		};
		8674117E2A3A120F006DFCA8 /* Sources */ = {
			isa = PBXSourcesBuildPhase;
			buildActionMask = 2147483647;
			files = (
				867411872A3A120F006DFCA8 /* iVirtualCamTests.swift in Sources */,
			);
			runOnlyForDeploymentPostprocessing = 0;
		};
		867411882A3A120F006DFCA8 /* Sources */ = {
			isa = PBXSourcesBuildPhase;
			buildActionMask = 2147483647;
			files = (
				867411932A3A120F006DFCA8 /* iVirtualCamUITestsLaunchTests.swift in Sources */,
				867411912A3A120F006DFCA8 /* iVirtualCamUITests.swift in Sources */,
			);
			runOnlyForDeploymentPostprocessing = 0;
		};
		8674119F2A3A1241006DFCA8 /* Sources */ = {
			isa = PBXSourcesBuildPhase;
			buildActionMask = 2147483647;
			files = (
				86F2A94A2A62C1FB007F1406 /* CameraExtensionProviderSource.swift in Sources */,
				867411A82A3A1241006DFCA8 /* main.swift in Sources */,
				867411A62A3A1241006DFCA8 /* CameraExtensionProvider.swift in Sources */,
				8669A3AA2A6312BC00AC50A8 /* ImageProcessor.swift in Sources */,
				86F2A9482A62C1C6007F1406 /* CameraExtensionStreamSource.swift in Sources */,
			);
			runOnlyForDeploymentPostprocessing = 0;
		};
/* End PBXSourcesBuildPhase section */

/* Begin PBXTargetDependency section */
		860C5DA62A3DC73000A04A32 /* PBXTargetDependency */ = {
			isa = PBXTargetDependency;
			target = 860C5DA02A3DC73000A04A32 /* Shared */;
			targetProxy = 860C5DA52A3DC73000A04A32 /* PBXContainerItemProxy */;
		};
		867411842A3A120F006DFCA8 /* PBXTargetDependency */ = {
			isa = PBXTargetDependency;
			target = 867411702A3A120E006DFCA8 /* iVirtualCam */;
			targetProxy = 867411832A3A120F006DFCA8 /* PBXContainerItemProxy */;
		};
		8674118E2A3A120F006DFCA8 /* PBXTargetDependency */ = {
			isa = PBXTargetDependency;
			target = 867411702A3A120E006DFCA8 /* iVirtualCam */;
			targetProxy = 8674118D2A3A120F006DFCA8 /* PBXContainerItemProxy */;
		};
		867411AC2A3A1241006DFCA8 /* PBXTargetDependency */ = {
			isa = PBXTargetDependency;
			target = 867411A22A3A1241006DFCA8 /* CameraExtension */;
			targetProxy = 867411AB2A3A1241006DFCA8 /* PBXContainerItemProxy */;
		};
		867717A62A669DDA0068DB9F /* PBXTargetDependency */ = {
			isa = PBXTargetDependency;
			target = 860C5DA02A3DC73000A04A32 /* Shared */;
			targetProxy = 867717A52A669DDA0068DB9F /* PBXContainerItemProxy */;
		};
/* End PBXTargetDependency section */

/* Begin XCBuildConfiguration section */
		860C5DAA2A3DC73000A04A32 /* Debug */ = {
			isa = XCBuildConfiguration;
			buildSettings = {
				CLANG_ENABLE_MODULES = YES;
				CODE_SIGN_STYLE = Automatic;
				CURRENT_PROJECT_VERSION = 1;
				DEFINES_MODULE = YES;
				DEVELOPMENT_TEAM = MBQLD47ZQV;
				DYLIB_COMPATIBILITY_VERSION = 1;
				DYLIB_CURRENT_VERSION = 1;
				DYLIB_INSTALL_NAME_BASE = "@rpath";
				ENABLE_MODULE_VERIFIER = YES;
				GENERATE_INFOPLIST_FILE = YES;
				INFOPLIST_KEY_NSHumanReadableCopyright = "";
				INSTALL_PATH = "$(LOCAL_LIBRARY_DIR)/Frameworks";
				IPHONEOS_DEPLOYMENT_TARGET = 16.4;
				LD_RUNPATH_SEARCH_PATHS = (
					"@executable_path/Frameworks",
					"@loader_path/Frameworks",
				);
				"LD_RUNPATH_SEARCH_PATHS[sdk=macosx*]" = (
					"@executable_path/../Frameworks",
					"@loader_path/Frameworks",
				);
				MACOSX_DEPLOYMENT_TARGET = 13.0;
				MARKETING_VERSION = 1.0;
				MODULE_VERIFIER_SUPPORTED_LANGUAGES = "objective-c objective-c++";
				MODULE_VERIFIER_SUPPORTED_LANGUAGE_STANDARDS = "gnu11 gnu++20";
				PRODUCT_BUNDLE_IDENTIFIER = com.infernno.Shared;
				PRODUCT_NAME = "$(TARGET_NAME:c99extidentifier)";
				SDKROOT = auto;
				SKIP_INSTALL = YES;
				SUPPORTED_PLATFORMS = macosx;
				SUPPORTS_MACCATALYST = NO;
				SUPPORTS_MAC_DESIGNED_FOR_IPHONE_IPAD = NO;
				SWIFT_EMIT_LOC_STRINGS = YES;
				SWIFT_OPTIMIZATION_LEVEL = "-Onone";
				SWIFT_VERSION = 5.0;
				VERSIONING_SYSTEM = "apple-generic";
				VERSION_INFO_PREFIX = "";
			};
			name = Debug;
		};
		860C5DAB2A3DC73000A04A32 /* Release */ = {
			isa = XCBuildConfiguration;
			buildSettings = {
				CLANG_ENABLE_MODULES = YES;
				CODE_SIGN_STYLE = Automatic;
				CURRENT_PROJECT_VERSION = 1;
				DEFINES_MODULE = YES;
				DEVELOPMENT_TEAM = MBQLD47ZQV;
				DYLIB_COMPATIBILITY_VERSION = 1;
				DYLIB_CURRENT_VERSION = 1;
				DYLIB_INSTALL_NAME_BASE = "@rpath";
				ENABLE_MODULE_VERIFIER = YES;
				GENERATE_INFOPLIST_FILE = YES;
				INFOPLIST_KEY_NSHumanReadableCopyright = "";
				INSTALL_PATH = "$(LOCAL_LIBRARY_DIR)/Frameworks";
				IPHONEOS_DEPLOYMENT_TARGET = 16.4;
				LD_RUNPATH_SEARCH_PATHS = (
					"@executable_path/Frameworks",
					"@loader_path/Frameworks",
				);
				"LD_RUNPATH_SEARCH_PATHS[sdk=macosx*]" = (
					"@executable_path/../Frameworks",
					"@loader_path/Frameworks",
				);
				MACOSX_DEPLOYMENT_TARGET = 13.0;
				MARKETING_VERSION = 1.0;
				MODULE_VERIFIER_SUPPORTED_LANGUAGES = "objective-c objective-c++";
				MODULE_VERIFIER_SUPPORTED_LANGUAGE_STANDARDS = "gnu11 gnu++20";
				PRODUCT_BUNDLE_IDENTIFIER = com.infernno.Shared;
				PRODUCT_NAME = "$(TARGET_NAME:c99extidentifier)";
				SDKROOT = auto;
				SKIP_INSTALL = YES;
				SUPPORTED_PLATFORMS = macosx;
				SUPPORTS_MACCATALYST = NO;
				SUPPORTS_MAC_DESIGNED_FOR_IPHONE_IPAD = NO;
				SWIFT_EMIT_LOC_STRINGS = YES;
				SWIFT_VERSION = 5.0;
				VERSIONING_SYSTEM = "apple-generic";
				VERSION_INFO_PREFIX = "";
			};
			name = Release;
		};
		867411942A3A120F006DFCA8 /* Debug */ = {
			isa = XCBuildConfiguration;
			buildSettings = {
				ALWAYS_SEARCH_USER_PATHS = NO;
				CLANG_ANALYZER_NONNULL = YES;
				CLANG_ANALYZER_NUMBER_OBJECT_CONVERSION = YES_AGGRESSIVE;
				CLANG_CXX_LANGUAGE_STANDARD = "gnu++20";
				CLANG_ENABLE_MODULES = YES;
				CLANG_ENABLE_OBJC_ARC = YES;
				CLANG_ENABLE_OBJC_WEAK = YES;
				CLANG_WARN_BLOCK_CAPTURE_AUTORELEASING = YES;
				CLANG_WARN_BOOL_CONVERSION = YES;
				CLANG_WARN_COMMA = YES;
				CLANG_WARN_CONSTANT_CONVERSION = YES;
				CLANG_WARN_DEPRECATED_OBJC_IMPLEMENTATIONS = YES;
				CLANG_WARN_DIRECT_OBJC_ISA_USAGE = YES_ERROR;
				CLANG_WARN_DOCUMENTATION_COMMENTS = YES;
				CLANG_WARN_EMPTY_BODY = YES;
				CLANG_WARN_ENUM_CONVERSION = YES;
				CLANG_WARN_INFINITE_RECURSION = YES;
				CLANG_WARN_INT_CONVERSION = YES;
				CLANG_WARN_NON_LITERAL_NULL_CONVERSION = YES;
				CLANG_WARN_OBJC_IMPLICIT_RETAIN_SELF = YES;
				CLANG_WARN_OBJC_LITERAL_CONVERSION = YES;
				CLANG_WARN_OBJC_ROOT_CLASS = YES_ERROR;
				CLANG_WARN_QUOTED_INCLUDE_IN_FRAMEWORK_HEADER = YES;
				CLANG_WARN_RANGE_LOOP_ANALYSIS = YES;
				CLANG_WARN_STRICT_PROTOTYPES = YES;
				CLANG_WARN_SUSPICIOUS_MOVE = YES;
				CLANG_WARN_UNGUARDED_AVAILABILITY = YES_AGGRESSIVE;
				CLANG_WARN_UNREACHABLE_CODE = YES;
				CLANG_WARN__DUPLICATE_METHOD_MATCH = YES;
				COPY_PHASE_STRIP = NO;
				DEBUG_INFORMATION_FORMAT = dwarf;
				DEFAULT_APP_GROUP = com.infernno.iVirtualCam.appgroup;
				ENABLE_STRICT_OBJC_MSGSEND = YES;
				ENABLE_TESTABILITY = YES;
				GCC_C_LANGUAGE_STANDARD = gnu11;
				GCC_DYNAMIC_NO_PIC = NO;
				GCC_NO_COMMON_BLOCKS = YES;
				GCC_OPTIMIZATION_LEVEL = 0;
				GCC_PREPROCESSOR_DEFINITIONS = (
					"DEBUG=1",
					"$(inherited)",
				);
				GCC_WARN_64_TO_32_BIT_CONVERSION = YES;
				GCC_WARN_ABOUT_RETURN_TYPE = YES_ERROR;
				GCC_WARN_UNDECLARED_SELECTOR = YES;
				GCC_WARN_UNINITIALIZED_AUTOS = YES_AGGRESSIVE;
				GCC_WARN_UNUSED_FUNCTION = YES;
				GCC_WARN_UNUSED_VARIABLE = YES;
				MACOSX_DEPLOYMENT_TARGET = 13.3;
				MTL_ENABLE_DEBUG_INFO = INCLUDE_SOURCE;
				MTL_FAST_MATH = YES;
				ONLY_ACTIVE_ARCH = YES;
				SDKROOT = macosx;
				SWIFT_ACTIVE_COMPILATION_CONDITIONS = DEBUG;
				SWIFT_OPTIMIZATION_LEVEL = "-Onone";
			};
			name = Debug;
		};
		867411952A3A120F006DFCA8 /* Release */ = {
			isa = XCBuildConfiguration;
			buildSettings = {
				ALWAYS_SEARCH_USER_PATHS = NO;
				CLANG_ANALYZER_NONNULL = YES;
				CLANG_ANALYZER_NUMBER_OBJECT_CONVERSION = YES_AGGRESSIVE;
				CLANG_CXX_LANGUAGE_STANDARD = "gnu++20";
				CLANG_ENABLE_MODULES = YES;
				CLANG_ENABLE_OBJC_ARC = YES;
				CLANG_ENABLE_OBJC_WEAK = YES;
				CLANG_WARN_BLOCK_CAPTURE_AUTORELEASING = YES;
				CLANG_WARN_BOOL_CONVERSION = YES;
				CLANG_WARN_COMMA = YES;
				CLANG_WARN_CONSTANT_CONVERSION = YES;
				CLANG_WARN_DEPRECATED_OBJC_IMPLEMENTATIONS = YES;
				CLANG_WARN_DIRECT_OBJC_ISA_USAGE = YES_ERROR;
				CLANG_WARN_DOCUMENTATION_COMMENTS = YES;
				CLANG_WARN_EMPTY_BODY = YES;
				CLANG_WARN_ENUM_CONVERSION = YES;
				CLANG_WARN_INFINITE_RECURSION = YES;
				CLANG_WARN_INT_CONVERSION = YES;
				CLANG_WARN_NON_LITERAL_NULL_CONVERSION = YES;
				CLANG_WARN_OBJC_IMPLICIT_RETAIN_SELF = YES;
				CLANG_WARN_OBJC_LITERAL_CONVERSION = YES;
				CLANG_WARN_OBJC_ROOT_CLASS = YES_ERROR;
				CLANG_WARN_QUOTED_INCLUDE_IN_FRAMEWORK_HEADER = YES;
				CLANG_WARN_RANGE_LOOP_ANALYSIS = YES;
				CLANG_WARN_STRICT_PROTOTYPES = YES;
				CLANG_WARN_SUSPICIOUS_MOVE = YES;
				CLANG_WARN_UNGUARDED_AVAILABILITY = YES_AGGRESSIVE;
				CLANG_WARN_UNREACHABLE_CODE = YES;
				CLANG_WARN__DUPLICATE_METHOD_MATCH = YES;
				COPY_PHASE_STRIP = NO;
				DEBUG_INFORMATION_FORMAT = "dwarf-with-dsym";
				DEFAULT_APP_GROUP = com.infernno.iVirtualCam.appgroup;
				ENABLE_NS_ASSERTIONS = NO;
				ENABLE_STRICT_OBJC_MSGSEND = YES;
				GCC_C_LANGUAGE_STANDARD = gnu11;
				GCC_NO_COMMON_BLOCKS = YES;
				GCC_WARN_64_TO_32_BIT_CONVERSION = YES;
				GCC_WARN_ABOUT_RETURN_TYPE = YES_ERROR;
				GCC_WARN_UNDECLARED_SELECTOR = YES;
				GCC_WARN_UNINITIALIZED_AUTOS = YES_AGGRESSIVE;
				GCC_WARN_UNUSED_FUNCTION = YES;
				GCC_WARN_UNUSED_VARIABLE = YES;
				MACOSX_DEPLOYMENT_TARGET = 13.3;
				MTL_ENABLE_DEBUG_INFO = NO;
				MTL_FAST_MATH = YES;
				SDKROOT = macosx;
				SWIFT_COMPILATION_MODE = wholemodule;
				SWIFT_OPTIMIZATION_LEVEL = "-O";
			};
			name = Release;
		};
		867411972A3A120F006DFCA8 /* Debug */ = {
			isa = XCBuildConfiguration;
			buildSettings = {
				ALWAYS_EMBED_SWIFT_STANDARD_LIBRARIES = YES;
				ASSETCATALOG_COMPILER_APPICON_NAME = AppIcon;
				ASSETCATALOG_COMPILER_GLOBAL_ACCENT_COLOR_NAME = AccentColor;
				CODE_SIGN_ENTITLEMENTS = iVirtualCam/iVirtualCam.entitlements;
				CODE_SIGN_STYLE = Automatic;
				COMBINE_HIDPI_IMAGES = YES;
				CURRENT_PROJECT_VERSION = 1;
				DEVELOPMENT_ASSET_PATHS = "\"iVirtualCam/Preview Content\"";
				DEVELOPMENT_TEAM = MBQLD47ZQV;
				ENABLE_HARDENED_RUNTIME = YES;
				ENABLE_PREVIEWS = YES;
				GENERATE_INFOPLIST_FILE = YES;
				INFOPLIST_FILE = iVirtualCam/Info.plist;
				INFOPLIST_KEY_NSHumanReadableCopyright = "";
				LD_RUNPATH_SEARCH_PATHS = (
					"$(inherited)",
					"@executable_path/../Frameworks",
				);
				MACOSX_DEPLOYMENT_TARGET = 13.0;
				MARKETING_VERSION = 1.0;
				PRODUCT_BUNDLE_IDENTIFIER = com.infernno.iVirtualCam;
				PRODUCT_NAME = "$(TARGET_NAME)";
				SWIFT_EMIT_LOC_STRINGS = YES;
				SWIFT_VERSION = 5.0;
			};
			name = Debug;
		};
		867411982A3A120F006DFCA8 /* Release */ = {
			isa = XCBuildConfiguration;
			buildSettings = {
				ALWAYS_EMBED_SWIFT_STANDARD_LIBRARIES = YES;
				ASSETCATALOG_COMPILER_APPICON_NAME = AppIcon;
				ASSETCATALOG_COMPILER_GLOBAL_ACCENT_COLOR_NAME = AccentColor;
				CODE_SIGN_ENTITLEMENTS = iVirtualCam/iVirtualCam.entitlements;
				CODE_SIGN_STYLE = Automatic;
				COMBINE_HIDPI_IMAGES = YES;
				CURRENT_PROJECT_VERSION = 1;
				DEVELOPMENT_ASSET_PATHS = "\"iVirtualCam/Preview Content\"";
				DEVELOPMENT_TEAM = MBQLD47ZQV;
				ENABLE_HARDENED_RUNTIME = YES;
				ENABLE_PREVIEWS = YES;
				GENERATE_INFOPLIST_FILE = YES;
				INFOPLIST_FILE = iVirtualCam/Info.plist;
				INFOPLIST_KEY_NSHumanReadableCopyright = "";
				LD_RUNPATH_SEARCH_PATHS = (
					"$(inherited)",
					"@executable_path/../Frameworks",
				);
				MACOSX_DEPLOYMENT_TARGET = 13.0;
				MARKETING_VERSION = 1.0;
				PRODUCT_BUNDLE_IDENTIFIER = com.infernno.iVirtualCam;
				PRODUCT_NAME = "$(TARGET_NAME)";
				SWIFT_EMIT_LOC_STRINGS = YES;
				SWIFT_VERSION = 5.0;
			};
			name = Release;
		};
		8674119A2A3A120F006DFCA8 /* Debug */ = {
			isa = XCBuildConfiguration;
			buildSettings = {
				ALWAYS_EMBED_SWIFT_STANDARD_LIBRARIES = YES;
				BUNDLE_LOADER = "$(TEST_HOST)";
				CODE_SIGN_STYLE = Automatic;
				CURRENT_PROJECT_VERSION = 1;
				DEVELOPMENT_TEAM = MBQLD47ZQV;
				GENERATE_INFOPLIST_FILE = YES;
				MACOSX_DEPLOYMENT_TARGET = 13.0;
				MARKETING_VERSION = 1.0;
				PRODUCT_BUNDLE_IDENTIFIER = com.infernno.iVirtualCamTests;
				PRODUCT_NAME = "$(TARGET_NAME)";
				SWIFT_EMIT_LOC_STRINGS = NO;
				SWIFT_VERSION = 5.0;
				TEST_HOST = "$(BUILT_PRODUCTS_DIR)/iVirtualCam.app/$(BUNDLE_EXECUTABLE_FOLDER_PATH)/iVirtualCam";
			};
			name = Debug;
		};
		8674119B2A3A120F006DFCA8 /* Release */ = {
			isa = XCBuildConfiguration;
			buildSettings = {
				ALWAYS_EMBED_SWIFT_STANDARD_LIBRARIES = YES;
				BUNDLE_LOADER = "$(TEST_HOST)";
				CODE_SIGN_STYLE = Automatic;
				CURRENT_PROJECT_VERSION = 1;
				DEVELOPMENT_TEAM = MBQLD47ZQV;
				GENERATE_INFOPLIST_FILE = YES;
				MACOSX_DEPLOYMENT_TARGET = 13.0;
				MARKETING_VERSION = 1.0;
				PRODUCT_BUNDLE_IDENTIFIER = com.infernno.iVirtualCamTests;
				PRODUCT_NAME = "$(TARGET_NAME)";
				SWIFT_EMIT_LOC_STRINGS = NO;
				SWIFT_VERSION = 5.0;
				TEST_HOST = "$(BUILT_PRODUCTS_DIR)/iVirtualCam.app/$(BUNDLE_EXECUTABLE_FOLDER_PATH)/iVirtualCam";
			};
			name = Release;
		};
		8674119D2A3A120F006DFCA8 /* Debug */ = {
			isa = XCBuildConfiguration;
			buildSettings = {
				ALWAYS_EMBED_SWIFT_STANDARD_LIBRARIES = YES;
				CODE_SIGN_STYLE = Automatic;
				CURRENT_PROJECT_VERSION = 1;
				DEVELOPMENT_TEAM = MBQLD47ZQV;
				GENERATE_INFOPLIST_FILE = YES;
				MACOSX_DEPLOYMENT_TARGET = 13.0;
				MARKETING_VERSION = 1.0;
				PRODUCT_BUNDLE_IDENTIFIER = com.infernno.iVirtualCamUITests;
				PRODUCT_NAME = "$(TARGET_NAME)";
				SWIFT_EMIT_LOC_STRINGS = NO;
				SWIFT_VERSION = 5.0;
				TEST_TARGET_NAME = iVirtualCam;
			};
			name = Debug;
		};
		8674119E2A3A120F006DFCA8 /* Release */ = {
			isa = XCBuildConfiguration;
			buildSettings = {
				ALWAYS_EMBED_SWIFT_STANDARD_LIBRARIES = YES;
				CODE_SIGN_STYLE = Automatic;
				CURRENT_PROJECT_VERSION = 1;
				DEVELOPMENT_TEAM = MBQLD47ZQV;
				GENERATE_INFOPLIST_FILE = YES;
				MACOSX_DEPLOYMENT_TARGET = 13.0;
				MARKETING_VERSION = 1.0;
				PRODUCT_BUNDLE_IDENTIFIER = com.infernno.iVirtualCamUITests;
				PRODUCT_NAME = "$(TARGET_NAME)";
				SWIFT_EMIT_LOC_STRINGS = NO;
				SWIFT_VERSION = 5.0;
				TEST_TARGET_NAME = iVirtualCam;
			};
			name = Release;
		};
		867411AF2A3A1241006DFCA8 /* Debug */ = {
			isa = XCBuildConfiguration;
			buildSettings = {
				CODE_SIGN_ENTITLEMENTS = CameraExtension/CameraExtension.entitlements;
				CODE_SIGN_STYLE = Automatic;
				CURRENT_PROJECT_VERSION = 1;
				DEVELOPMENT_TEAM = MBQLD47ZQV;
				ENABLE_HARDENED_RUNTIME = YES;
				GENERATE_INFOPLIST_FILE = YES;
				INFOPLIST_FILE = CameraExtension/Info.plist;
				INFOPLIST_KEY_CFBundleDisplayName = CameraExtension;
				INFOPLIST_KEY_NSHumanReadableCopyright = "";
				LD_RUNPATH_SEARCH_PATHS = (
					"$(inherited)",
					"@executable_path/../Frameworks",
					"@executable_path/../../../../Frameworks",
				);
				MACOSX_DEPLOYMENT_TARGET = 13.0;
				MARKETING_VERSION = 1.0;
				PRODUCT_BUNDLE_IDENTIFIER = com.infernno.iVirtualCam.CameraExtension;
				PRODUCT_NAME = "$(inherited)";
				SKIP_INSTALL = YES;
				SWIFT_EMIT_LOC_STRINGS = YES;
				SWIFT_VERSION = 5.0;
			};
			name = Debug;
		};
		867411B02A3A1241006DFCA8 /* Release */ = {
			isa = XCBuildConfiguration;
			buildSettings = {
				CODE_SIGN_ENTITLEMENTS = CameraExtension/CameraExtension.entitlements;
				CODE_SIGN_STYLE = Automatic;
				CURRENT_PROJECT_VERSION = 1;
				DEVELOPMENT_TEAM = MBQLD47ZQV;
				ENABLE_HARDENED_RUNTIME = YES;
				GENERATE_INFOPLIST_FILE = YES;
				INFOPLIST_FILE = CameraExtension/Info.plist;
				INFOPLIST_KEY_CFBundleDisplayName = CameraExtension;
				INFOPLIST_KEY_NSHumanReadableCopyright = "";
				LD_RUNPATH_SEARCH_PATHS = (
					"$(inherited)",
					"@executable_path/../Frameworks",
					"@executable_path/../../../../Frameworks",
				);
				MACOSX_DEPLOYMENT_TARGET = 13.0;
				MARKETING_VERSION = 1.0;
				PRODUCT_BUNDLE_IDENTIFIER = com.infernno.iVirtualCam.CameraExtension;
				PRODUCT_NAME = "$(inherited)";
				SKIP_INSTALL = YES;
				SWIFT_EMIT_LOC_STRINGS = YES;
				SWIFT_VERSION = 5.0;
			};
			name = Release;
		};
/* End XCBuildConfiguration section */

/* Begin XCConfigurationList section */
		860C5DA92A3DC73000A04A32 /* Build configuration list for PBXNativeTarget "Shared" */ = {
			isa = XCConfigurationList;
			buildConfigurations = (
				860C5DAA2A3DC73000A04A32 /* Debug */,
				860C5DAB2A3DC73000A04A32 /* Release */,
			);
			defaultConfigurationIsVisible = 0;
			defaultConfigurationName = Release;
		};
		8674116C2A3A120E006DFCA8 /* Build configuration list for PBXProject "iVirtualCam" */ = {
			isa = XCConfigurationList;
			buildConfigurations = (
				867411942A3A120F006DFCA8 /* Debug */,
				867411952A3A120F006DFCA8 /* Release */,
			);
			defaultConfigurationIsVisible = 0;
			defaultConfigurationName = Release;
		};
		867411962A3A120F006DFCA8 /* Build configuration list for PBXNativeTarget "iVirtualCam" */ = {
			isa = XCConfigurationList;
			buildConfigurations = (
				867411972A3A120F006DFCA8 /* Debug */,
				867411982A3A120F006DFCA8 /* Release */,
			);
			defaultConfigurationIsVisible = 0;
			defaultConfigurationName = Release;
		};
		867411992A3A120F006DFCA8 /* Build configuration list for PBXNativeTarget "iVirtualCamTests" */ = {
			isa = XCConfigurationList;
			buildConfigurations = (
				8674119A2A3A120F006DFCA8 /* Debug */,
				8674119B2A3A120F006DFCA8 /* Release */,
			);
			defaultConfigurationIsVisible = 0;
			defaultConfigurationName = Release;
		};
		8674119C2A3A120F006DFCA8 /* Build configuration list for PBXNativeTarget "iVirtualCamUITests" */ = {
			isa = XCConfigurationList;
			buildConfigurations = (
				8674119D2A3A120F006DFCA8 /* Debug */,
				8674119E2A3A120F006DFCA8 /* Release */,
			);
			defaultConfigurationIsVisible = 0;
			defaultConfigurationName = Release;
		};
		867411AE2A3A1241006DFCA8 /* Build configuration list for PBXNativeTarget "CameraExtension" */ = {
			isa = XCConfigurationList;
			buildConfigurations = (
				867411AF2A3A1241006DFCA8 /* Debug */,
				867411B02A3A1241006DFCA8 /* Release */,
			);
			defaultConfigurationIsVisible = 0;
			defaultConfigurationName = Release;
		};
/* End XCConfigurationList section */

/* Begin XCRemoteSwiftPackageReference section */
		86299E152A877AF9002DEFF5 /* XCRemoteSwiftPackageReference "SwiftyBeaver" */ = {
			isa = XCRemoteSwiftPackageReference;
			repositoryURL = "https://github.com/SwiftyBeaver/SwiftyBeaver";
			requirement = {
				kind = exactVersion;
				version = 2.0.0;
			};
		};
		86F9D7212A6D9997002E6648 /* XCRemoteSwiftPackageReference "Defaults" */ = {
			isa = XCRemoteSwiftPackageReference;
			repositoryURL = "https://github.com/sindresorhus/Defaults";
			requirement = {
				kind = exactVersion;
				version = 7.2.0;
			};
		};
/* End XCRemoteSwiftPackageReference section */

/* Begin XCSwiftPackageProductDependency section */
		86299E162A877AF9002DEFF5 /* SwiftyBeaver */ = {
			isa = XCSwiftPackageProductDependency;
			package = 86299E152A877AF9002DEFF5 /* XCRemoteSwiftPackageReference "SwiftyBeaver" */;
			productName = SwiftyBeaver;
		};
		86752A7A2A6E3B7900113F55 /* Defaults */ = {
			isa = XCSwiftPackageProductDependency;
			package = 86F9D7212A6D9997002E6648 /* XCRemoteSwiftPackageReference "Defaults" */;
			productName = Defaults;
		};
		86752A7C2A6E3B7E00113F55 /* Defaults */ = {
			isa = XCSwiftPackageProductDependency;
			package = 86F9D7212A6D9997002E6648 /* XCRemoteSwiftPackageReference "Defaults" */;
			productName = Defaults;
		};
		86F9D7222A6D9997002E6648 /* Defaults */ = {
			isa = XCSwiftPackageProductDependency;
			package = 86F9D7212A6D9997002E6648 /* XCRemoteSwiftPackageReference "Defaults" */;
			productName = Defaults;
		};
/* End XCSwiftPackageProductDependency section */
	};
	rootObject = 867411692A3A120E006DFCA8 /* Project object */;
}
